// !$*UTF8*$!
{
	archiveVersion = 1;
	classes = {
	};
	objectVersion = 50;
	objects = {

/* Begin PBXBuildFile section */
		3A59242422A75CD000961ED2 /* CircleImage.swift in Sources */ = {isa = PBXBuildFile; fileRef = 3A59242322A75CD000961ED2 /* CircleImage.swift */; };
		3A59242622A75DF600961ED2 /* MapView.swift in Sources */ = {isa = PBXBuildFile; fileRef = 3A59242522A75DF600961ED2 /* MapView.swift */; };
		3A5E174622A67223009A21FF /* AppDelegate.swift in Sources */ = {isa = PBXBuildFile; fileRef = 3A5E174522A67223009A21FF /* AppDelegate.swift */; };
		3A5E174822A67223009A21FF /* SceneDelegate.swift in Sources */ = {isa = PBXBuildFile; fileRef = 3A5E174722A67223009A21FF /* SceneDelegate.swift */; };
		3A5E174A22A67223009A21FF /* ContentView.swift in Sources */ = {isa = PBXBuildFile; fileRef = 3A5E174922A67223009A21FF /* ContentView.swift */; };
		3A5E174C22A67224009A21FF /* Assets.xcassets in Resources */ = {isa = PBXBuildFile; fileRef = 3A5E174B22A67224009A21FF /* Assets.xcassets */; };
		3A5E174F22A67224009A21FF /* Preview Assets.xcassets in Resources */ = {isa = PBXBuildFile; fileRef = 3A5E174E22A67224009A21FF /* Preview Assets.xcassets */; };
		3A5E175222A67224009A21FF /* LaunchScreen.storyboard in Resources */ = {isa = PBXBuildFile; fileRef = 3A5E175022A67224009A21FF /* LaunchScreen.storyboard */; };
		3A5E175D22A67225009A21FF /* LandmarksTests.swift in Sources */ = {isa = PBXBuildFile; fileRef = 3A5E175C22A67225009A21FF /* LandmarksTests.swift */; };
		3A5E176822A67225009A21FF /* LandmarksUITests.swift in Sources */ = {isa = PBXBuildFile; fileRef = 3A5E176722A67225009A21FF /* LandmarksUITests.swift */; };
/* End PBXBuildFile section */

/* Begin PBXContainerItemProxy section */
		3A5E175922A67225009A21FF /* PBXContainerItemProxy */ = {
			isa = PBXContainerItemProxy;
			containerPortal = 3A5E173A22A67223009A21FF /* Project object */;
			proxyType = 1;
			remoteGlobalIDString = 3A5E174122A67223009A21FF;
			remoteInfo = Landmarks;
		};
		3A5E176422A67225009A21FF /* PBXContainerItemProxy */ = {
			isa = PBXContainerItemProxy;
			containerPortal = 3A5E173A22A67223009A21FF /* Project object */;
			proxyType = 1;
			remoteGlobalIDString = 3A5E174122A67223009A21FF;
			remoteInfo = Landmarks;
		};
/* End PBXContainerItemProxy section */

/* Begin PBXFileReference section */
		3A59242322A75CD000961ED2 /* CircleImage.swift */ = {isa = PBXFileReference; lastKnownFileType = sourcecode.swift; path = CircleImage.swift; sourceTree = "<group>"; };
		3A59242522A75DF600961ED2 /* MapView.swift */ = {isa = PBXFileReference; lastKnownFileType = sourcecode.swift; path = MapView.swift; sourceTree = "<group>"; };
		3A5E174222A67223009A21FF /* Landmarks.app */ = {isa = PBXFileReference; explicitFileType = wrapper.application; includeInIndex = 0; path = Landmarks.app; sourceTree = BUILT_PRODUCTS_DIR; };
		3A5E174522A67223009A21FF /* AppDelegate.swift */ = {isa = PBXFileReference; lastKnownFileType = sourcecode.swift; path = AppDelegate.swift; sourceTree = "<group>"; };
		3A5E174722A67223009A21FF /* SceneDelegate.swift */ = {isa = PBXFileReference; lastKnownFileType = sourcecode.swift; path = SceneDelegate.swift; sourceTree = "<group>"; };
		3A5E174922A67223009A21FF /* ContentView.swift */ = {isa = PBXFileReference; lastKnownFileType = sourcecode.swift; path = ContentView.swift; sourceTree = "<group>"; };
		3A5E174B22A67224009A21FF /* Assets.xcassets */ = {isa = PBXFileReference; lastKnownFileType = folder.assetcatalog; path = Assets.xcassets; sourceTree = "<group>"; };
		3A5E174E22A67224009A21FF /* Preview Assets.xcassets */ = {isa = PBXFileReference; lastKnownFileType = folder.assetcatalog; path = "Preview Assets.xcassets"; sourceTree = "<group>"; };
		3A5E175122A67224009A21FF /* Base */ = {isa = PBXFileReference; lastKnownFileType = file.storyboard; name = Base; path = Base.lproj/LaunchScreen.storyboard; sourceTree = "<group>"; };
		3A5E175322A67224009A21FF /* Info.plist */ = {isa = PBXFileReference; lastKnownFileType = text.plist.xml; path = Info.plist; sourceTree = "<group>"; };
		3A5E175822A67225009A21FF /* LandmarksTests.xctest */ = {isa = PBXFileReference; explicitFileType = wrapper.cfbundle; includeInIndex = 0; path = LandmarksTests.xctest; sourceTree = BUILT_PRODUCTS_DIR; };
		3A5E175C22A67225009A21FF /* LandmarksTests.swift */ = {isa = PBXFileReference; lastKnownFileType = sourcecode.swift; path = LandmarksTests.swift; sourceTree = "<group>"; };
		3A5E175E22A67225009A21FF /* Info.plist */ = {isa = PBXFileReference; lastKnownFileType = text.plist.xml; path = Info.plist; sourceTree = "<group>"; };
		3A5E176322A67225009A21FF /* LandmarksUITests.xctest */ = {isa = PBXFileReference; explicitFileType = wrapper.cfbundle; includeInIndex = 0; path = LandmarksUITests.xctest; sourceTree = BUILT_PRODUCTS_DIR; };
		3A5E176722A67225009A21FF /* LandmarksUITests.swift */ = {isa = PBXFileReference; lastKnownFileType = sourcecode.swift; path = LandmarksUITests.swift; sourceTree = "<group>"; };
		3A5E176922A67225009A21FF /* Info.plist */ = {isa = PBXFileReference; lastKnownFileType = text.plist.xml; path = Info.plist; sourceTree = "<group>"; };
/* End PBXFileReference section */

/* Begin PBXFrameworksBuildPhase section */
		3A5E173F22A67223009A21FF /* Frameworks */ = {
			isa = PBXFrameworksBuildPhase;
			buildActionMask = 2147483647;
			files = (
			);
			runOnlyForDeploymentPostprocessing = 0;
		};
		3A5E175522A67225009A21FF /* Frameworks */ = {
			isa = PBXFrameworksBuildPhase;
			buildActionMask = 2147483647;
			files = (
			);
			runOnlyForDeploymentPostprocessing = 0;
		};
		3A5E176022A67225009A21FF /* Frameworks */ = {
			isa = PBXFrameworksBuildPhase;
			buildActionMask = 2147483647;
			files = (
			);
			runOnlyForDeploymentPostprocessing = 0;
		};
/* End PBXFrameworksBuildPhase section */

/* Begin PBXGroup section */
		3A5E173922A67223009A21FF = {
			isa = PBXGroup;
			children = (
				3A5E174422A67223009A21FF /* Landmarks */,
				3A5E175B22A67225009A21FF /* LandmarksTests */,
				3A5E176622A67225009A21FF /* LandmarksUITests */,
				3A5E174322A67223009A21FF /* Products */,
			);
			sourceTree = "<group>";
		};
		3A5E174322A67223009A21FF /* Products */ = {
			isa = PBXGroup;
			children = (
				3A5E174222A67223009A21FF /* Landmarks.app */,
				3A5E175822A67225009A21FF /* LandmarksTests.xctest */,
				3A5E176322A67225009A21FF /* LandmarksUITests.xctest */,
			);
			name = Products;
			sourceTree = "<group>";
		};
		3A5E174422A67223009A21FF /* Landmarks */ = {
			isa = PBXGroup;
			children = (
				3A5E174522A67223009A21FF /* AppDelegate.swift */,
				3A5E174722A67223009A21FF /* SceneDelegate.swift */,
				3A5E174922A67223009A21FF /* ContentView.swift */,
				3A5E174B22A67224009A21FF /* Assets.xcassets */,
				3A5E175022A67224009A21FF /* LaunchScreen.storyboard */,
				3A5E175322A67224009A21FF /* Info.plist */,
				3A5E174D22A67224009A21FF /* Preview Content */,
				3A59242322A75CD000961ED2 /* CircleImage.swift */,
				3A59242522A75DF600961ED2 /* MapView.swift */,
			);
			path = Landmarks;
			sourceTree = "<group>";
		};
		3A5E174D22A67224009A21FF /* Preview Content */ = {
			isa = PBXGroup;
			children = (
				3A5E174E22A67224009A21FF /* Preview Assets.xcassets */,
			);
			path = "Preview Content";
			sourceTree = "<group>";
		};
		3A5E175B22A67225009A21FF /* LandmarksTests */ = {
			isa = PBXGroup;
			children = (
				3A5E175C22A67225009A21FF /* LandmarksTests.swift */,
				3A5E175E22A67225009A21FF /* Info.plist */,
			);
			path = LandmarksTests;
			sourceTree = "<group>";
		};
		3A5E176622A67225009A21FF /* LandmarksUITests */ = {
			isa = PBXGroup;
			children = (
				3A5E176722A67225009A21FF /* LandmarksUITests.swift */,
				3A5E176922A67225009A21FF /* Info.plist */,
			);
			path = LandmarksUITests;
			sourceTree = "<group>";
		};
/* End PBXGroup section */

/* Begin PBXNativeTarget section */
		3A5E174122A67223009A21FF /* Landmarks */ = {
			isa = PBXNativeTarget;
			buildConfigurationList = 3A5E176C22A67225009A21FF /* Build configuration list for PBXNativeTarget "Landmarks" */;
			buildPhases = (
				3A5E173E22A67223009A21FF /* Sources */,
				3A5E173F22A67223009A21FF /* Frameworks */,
				3A5E174022A67223009A21FF /* Resources */,
			);
			buildRules = (
			);
			dependencies = (
			);
			name = Landmarks;
			productName = Landmarks;
			productReference = 3A5E174222A67223009A21FF /* Landmarks.app */;
			productType = "com.apple.product-type.application";
		};
		3A5E175722A67225009A21FF /* LandmarksTests */ = {
			isa = PBXNativeTarget;
			buildConfigurationList = 3A5E176F22A67225009A21FF /* Build configuration list for PBXNativeTarget "LandmarksTests" */;
			buildPhases = (
				3A5E175422A67225009A21FF /* Sources */,
				3A5E175522A67225009A21FF /* Frameworks */,
				3A5E175622A67225009A21FF /* Resources */,
			);
			buildRules = (
			);
			dependencies = (
				3A5E175A22A67225009A21FF /* PBXTargetDependency */,
			);
			name = LandmarksTests;
			productName = LandmarksTests;
			productReference = 3A5E175822A67225009A21FF /* LandmarksTests.xctest */;
			productType = "com.apple.product-type.bundle.unit-test";
		};
		3A5E176222A67225009A21FF /* LandmarksUITests */ = {
			isa = PBXNativeTarget;
			buildConfigurationList = 3A5E177222A67225009A21FF /* Build configuration list for PBXNativeTarget "LandmarksUITests" */;
			buildPhases = (
				3A5E175F22A67225009A21FF /* Sources */,
				3A5E176022A67225009A21FF /* Frameworks */,
				3A5E176122A67225009A21FF /* Resources */,
			);
			buildRules = (
			);
			dependencies = (
				3A5E176522A67225009A21FF /* PBXTargetDependency */,
			);
			name = LandmarksUITests;
			productName = LandmarksUITests;
			productReference = 3A5E176322A67225009A21FF /* LandmarksUITests.xctest */;
			productType = "com.apple.product-type.bundle.ui-testing";
		};
/* End PBXNativeTarget section */

/* Begin PBXProject section */
		3A5E173A22A67223009A21FF /* Project object */ = {
			isa = PBXProject;
			attributes = {
				LastSwiftUpdateCheck = 1100;
				LastUpgradeCheck = 1100;
				ORGANIZATIONNAME = ming;
				TargetAttributes = {
					3A5E174122A67223009A21FF = {
						CreatedOnToolsVersion = 11.0;
					};
					3A5E175722A67225009A21FF = {
						CreatedOnToolsVersion = 11.0;
						TestTargetID = 3A5E174122A67223009A21FF;
					};
					3A5E176222A67225009A21FF = {
						CreatedOnToolsVersion = 11.0;
						TestTargetID = 3A5E174122A67223009A21FF;
					};
				};
			};
			buildConfigurationList = 3A5E173D22A67223009A21FF /* Build configuration list for PBXProject "Landmarks" */;
			compatibilityVersion = "Xcode 9.3";
			developmentRegion = en;
			hasScannedForEncodings = 0;
			knownRegions = (
				en,
				Base,
			);
			mainGroup = 3A5E173922A67223009A21FF;
			productRefGroup = 3A5E174322A67223009A21FF /* Products */;
			projectDirPath = "";
			projectRoot = "";
			targets = (
				3A5E174122A67223009A21FF /* Landmarks */,
				3A5E175722A67225009A21FF /* LandmarksTests */,
				3A5E176222A67225009A21FF /* LandmarksUITests */,
			);
		};
/* End PBXProject section */

/* Begin PBXResourcesBuildPhase section */
		3A5E174022A67223009A21FF /* Resources */ = {
			isa = PBXResourcesBuildPhase;
			buildActionMask = 2147483647;
			files = (
				3A5E175222A67224009A21FF /* LaunchScreen.storyboard in Resources */,
				3A5E174F22A67224009A21FF /* Preview Assets.xcassets in Resources */,
				3A5E174C22A67224009A21FF /* Assets.xcassets in Resources */,
			);
			runOnlyForDeploymentPostprocessing = 0;
		};
		3A5E175622A67225009A21FF /* Resources */ = {
			isa = PBXResourcesBuildPhase;
			buildActionMask = 2147483647;
			files = (
			);
			runOnlyForDeploymentPostprocessing = 0;
		};
		3A5E176122A67225009A21FF /* Resources */ = {
			isa = PBXResourcesBuildPhase;
			buildActionMask = 2147483647;
			files = (
			);
			runOnlyForDeploymentPostprocessing = 0;
		};
/* End PBXResourcesBuildPhase section */

/* Begin PBXSourcesBuildPhase section */
		3A5E173E22A67223009A21FF /* Sources */ = {
			isa = PBXSourcesBuildPhase;
			buildActionMask = 2147483647;
			files = (
				3A5E174622A67223009A21FF /* AppDelegate.swift in Sources */,
				3A59242422A75CD000961ED2 /* CircleImage.swift in Sources */,
				3A59242622A75DF600961ED2 /* MapView.swift in Sources */,
				3A5E174822A67223009A21FF /* SceneDelegate.swift in Sources */,
				3A5E174A22A67223009A21FF /* ContentView.swift in Sources */,
			);
			runOnlyForDeploymentPostprocessing = 0;
		};
		3A5E175422A67225009A21FF /* Sources */ = {
			isa = PBXSourcesBuildPhase;
			buildActionMask = 2147483647;
			files = (
				3A5E175D22A67225009A21FF /* LandmarksTests.swift in Sources */,
			);
			runOnlyForDeploymentPostprocessing = 0;
		};
		3A5E175F22A67225009A21FF /* Sources */ = {
			isa = PBXSourcesBuildPhase;
			buildActionMask = 2147483647;
			files = (
				3A5E176822A67225009A21FF /* LandmarksUITests.swift in Sources */,
			);
			runOnlyForDeploymentPostprocessing = 0;
		};
/* End PBXSourcesBuildPhase section */

/* Begin PBXTargetDependency section */
		3A5E175A22A67225009A21FF /* PBXTargetDependency */ = {
			isa = PBXTargetDependency;
			target = 3A5E174122A67223009A21FF /* Landmarks */;
			targetProxy = 3A5E175922A67225009A21FF /* PBXContainerItemProxy */;
		};
		3A5E176522A67225009A21FF /* PBXTargetDependency */ = {
			isa = PBXTargetDependency;
			target = 3A5E174122A67223009A21FF /* Landmarks */;
			targetProxy = 3A5E176422A67225009A21FF /* PBXContainerItemProxy */;
		};
/* End PBXTargetDependency section */

/* Begin PBXVariantGroup section */
		3A5E175022A67224009A21FF /* LaunchScreen.storyboard */ = {
			isa = PBXVariantGroup;
			children = (
				3A5E175122A67224009A21FF /* Base */,
			);
			name = LaunchScreen.storyboard;
			sourceTree = "<group>";
		};
/* End PBXVariantGroup section */

/* Begin XCBuildConfiguration section */
		3A5E176A22A67225009A21FF /* Debug */ = {
			isa = XCBuildConfiguration;
			buildSettings = {
				ALWAYS_SEARCH_USER_PATHS = NO;
				CLANG_ANALYZER_NONNULL = YES;
				CLANG_ANALYZER_NUMBER_OBJECT_CONVERSION = YES_AGGRESSIVE;
				CLANG_CXX_LANGUAGE_STANDARD = "gnu++14";
				CLANG_CXX_LIBRARY = "libc++";
				CLANG_ENABLE_MODULES = YES;
				CLANG_ENABLE_OBJC_ARC = YES;
				CLANG_ENABLE_OBJC_WEAK = YES;
				CLANG_WARN_BLOCK_CAPTURE_AUTORELEASING = YES;
				CLANG_WARN_BOOL_CONVERSION = YES;
				CLANG_WARN_COMMA = YES;
				CLANG_WARN_CONSTANT_CONVERSION = YES;
				CLANG_WARN_DEPRECATED_OBJC_IMPLEMENTATIONS = YES;
				CLANG_WARN_DIRECT_OBJC_ISA_USAGE = YES_ERROR;
				CLANG_WARN_DOCUMENTATION_COMMENTS = YES;
				CLANG_WARN_EMPTY_BODY = YES;
				CLANG_WARN_ENUM_CONVERSION = YES;
				CLANG_WARN_INFINITE_RECURSION = YES;
				CLANG_WARN_INT_CONVERSION = YES;
				CLANG_WARN_NON_LITERAL_NULL_CONVERSION = YES;
				CLANG_WARN_OBJC_IMPLICIT_RETAIN_SELF = YES;
				CLANG_WARN_OBJC_LITERAL_CONVERSION = YES;
				CLANG_WARN_OBJC_ROOT_CLASS = YES_ERROR;
				CLANG_WARN_RANGE_LOOP_ANALYSIS = YES;
				CLANG_WARN_STRICT_PROTOTYPES = YES;
				CLANG_WARN_SUSPICIOUS_MOVE = YES;
				CLANG_WARN_UNGUARDED_AVAILABILITY = YES_AGGRESSIVE;
				CLANG_WARN_UNREACHABLE_CODE = YES;
				CLANG_WARN__DUPLICATE_METHOD_MATCH = YES;
				COPY_PHASE_STRIP = NO;
				DEBUG_INFORMATION_FORMAT = dwarf;
				ENABLE_STRICT_OBJC_MSGSEND = YES;
				ENABLE_TESTABILITY = YES;
				GCC_C_LANGUAGE_STANDARD = gnu11;
				GCC_DYNAMIC_NO_PIC = NO;
				GCC_NO_COMMON_BLOCKS = YES;
				GCC_OPTIMIZATION_LEVEL = 0;
				GCC_PREPROCESSOR_DEFINITIONS = (
					"DEBUG=1",
					"$(inherited)",
				);
				GCC_WARN_64_TO_32_BIT_CONVERSION = YES;
				GCC_WARN_ABOUT_RETURN_TYPE = YES_ERROR;
				GCC_WARN_UNDECLARED_SELECTOR = YES;
				GCC_WARN_UNINITIALIZED_AUTOS = YES_AGGRESSIVE;
				GCC_WARN_UNUSED_FUNCTION = YES;
				GCC_WARN_UNUSED_VARIABLE = YES;
				IPHONEOS_DEPLOYMENT_TARGET = 13.0;
				MTL_ENABLE_DEBUG_INFO = INCLUDE_SOURCE;
				MTL_FAST_MATH = YES;
				ONLY_ACTIVE_ARCH = YES;
				SDKROOT = iphoneos;
				SWIFT_ACTIVE_COMPILATION_CONDITIONS = DEBUG;
				SWIFT_OPTIMIZATION_LEVEL = "-Onone";
			};
			name = Debug;
		};
		3A5E176B22A67225009A21FF /* Release */ = {
			isa = XCBuildConfiguration;
			buildSettings = {
				ALWAYS_SEARCH_USER_PATHS = NO;
				CLANG_ANALYZER_NONNULL = YES;
				CLANG_ANALYZER_NUMBER_OBJECT_CONVERSION = YES_AGGRESSIVE;
				CLANG_CXX_LANGUAGE_STANDARD = "gnu++14";
				CLANG_CXX_LIBRARY = "libc++";
				CLANG_ENABLE_MODULES = YES;
				CLANG_ENABLE_OBJC_ARC = YES;
				CLANG_ENABLE_OBJC_WEAK = YES;
				CLANG_WARN_BLOCK_CAPTURE_AUTORELEASING = YES;
				CLANG_WARN_BOOL_CONVERSION = YES;
				CLANG_WARN_COMMA = YES;
				CLANG_WARN_CONSTANT_CONVERSION = YES;
				CLANG_WARN_DEPRECATED_OBJC_IMPLEMENTATIONS = YES;
				CLANG_WARN_DIRECT_OBJC_ISA_USAGE = YES_ERROR;
				CLANG_WARN_DOCUMENTATION_COMMENTS = YES;
				CLANG_WARN_EMPTY_BODY = YES;
				CLANG_WARN_ENUM_CONVERSION = YES;
				CLANG_WARN_INFINITE_RECURSION = YES;
				CLANG_WARN_INT_CONVERSION = YES;
				CLANG_WARN_NON_LITERAL_NULL_CONVERSION = YES;
				CLANG_WARN_OBJC_IMPLICIT_RETAIN_SELF = YES;
				CLANG_WARN_OBJC_LITERAL_CONVERSION = YES;
				CLANG_WARN_OBJC_ROOT_CLASS = YES_ERROR;
				CLANG_WARN_RANGE_LOOP_ANALYSIS = YES;
				CLANG_WARN_STRICT_PROTOTYPES = YES;
				CLANG_WARN_SUSPICIOUS_MOVE = YES;
				CLANG_WARN_UNGUARDED_AVAILABILITY = YES_AGGRESSIVE;
				CLANG_WARN_UNREACHABLE_CODE = YES;
				CLANG_WARN__DUPLICATE_METHOD_MATCH = YES;
				COPY_PHASE_STRIP = NO;
				DEBUG_INFORMATION_FORMAT = "dwarf-with-dsym";
				ENABLE_NS_ASSERTIONS = NO;
				ENABLE_STRICT_OBJC_MSGSEND = YES;
				GCC_C_LANGUAGE_STANDARD = gnu11;
				GCC_NO_COMMON_BLOCKS = YES;
				GCC_WARN_64_TO_32_BIT_CONVERSION = YES;
				GCC_WARN_ABOUT_RETURN_TYPE = YES_ERROR;
				GCC_WARN_UNDECLARED_SELECTOR = YES;
				GCC_WARN_UNINITIALIZED_AUTOS = YES_AGGRESSIVE;
				GCC_WARN_UNUSED_FUNCTION = YES;
				GCC_WARN_UNUSED_VARIABLE = YES;
				IPHONEOS_DEPLOYMENT_TARGET = 13.0;
				MTL_ENABLE_DEBUG_INFO = NO;
				MTL_FAST_MATH = YES;
				SDKROOT = iphoneos;
				SWIFT_COMPILATION_MODE = wholemodule;
				SWIFT_OPTIMIZATION_LEVEL = "-O";
				VALIDATE_PRODUCT = YES;
			};
			name = Release;
		};
		3A5E176D22A67225009A21FF /* Debug */ = {
			isa = XCBuildConfiguration;
			buildSettings = {
				ASSETCATALOG_COMPILER_APPICON_NAME = AppIcon;
				CODE_SIGN_STYLE = Automatic;
				DEVELOPMENT_ASSET_PATHS = "Landmarks/Preview\\ Content";
				ENABLE_PREVIEWS = YES;
				INFOPLIST_FILE = Landmarks/Info.plist;
				LD_RUNPATH_SEARCH_PATHS = (
					"$(inherited)",
					"@executable_path/Frameworks",
				);
				PRODUCT_BUNDLE_IDENTIFIER = Justin.Landmarks;
				PRODUCT_NAME = "$(TARGET_NAME)";
				SWIFT_VERSION = 5.0;
				TARGETED_DEVICE_FAMILY = "1,2";
			};
			name = Debug;
		};
		3A5E176E22A67225009A21FF /* Release */ = {
			isa = XCBuildConfiguration;
			buildSettings = {
				ASSETCATALOG_COMPILER_APPICON_NAME = AppIcon;
				CODE_SIGN_STYLE = Automatic;
				DEVELOPMENT_ASSET_PATHS = "Landmarks/Preview\\ Content";
				ENABLE_PREVIEWS = YES;
				INFOPLIST_FILE = Landmarks/Info.plist;
				LD_RUNPATH_SEARCH_PATHS = (
					"$(inherited)",
					"@executable_path/Frameworks",
				);
				PRODUCT_BUNDLE_IDENTIFIER = Justin.Landmarks;
				PRODUCT_NAME = "$(TARGET_NAME)";
				SWIFT_VERSION = 5.0;
				TARGETED_DEVICE_FAMILY = "1,2";
			};
			name = Release;
		};
		3A5E177022A67225009A21FF /* Debug */ = {
			isa = XCBuildConfiguration;
			buildSettings = {
				ALWAYS_EMBED_SWIFT_STANDARD_LIBRARIES = YES;
				BUNDLE_LOADER = "$(TEST_HOST)";
				CODE_SIGN_STYLE = Automatic;
				INFOPLIST_FILE = LandmarksTests/Info.plist;
				LD_RUNPATH_SEARCH_PATHS = (
					"$(inherited)",
					"@executable_path/Frameworks",
					"@loader_path/Frameworks",
				);
				PRODUCT_BUNDLE_IDENTIFIER = Justin.LandmarksTests;
				PRODUCT_NAME = "$(TARGET_NAME)";
				SWIFT_VERSION = 5.0;
				TARGETED_DEVICE_FAMILY = "1,2";
				TEST_HOST = "$(BUILT_PRODUCTS_DIR)/Landmarks.app/Landmarks";
			};
			name = Debug;
		};
		3A5E177122A67225009A21FF /* Release */ = {
			isa = XCBuildConfiguration;
			buildSettings = {
				ALWAYS_EMBED_SWIFT_STANDARD_LIBRARIES = YES;
				BUNDLE_LOADER = "$(TEST_HOST)";
				CODE_SIGN_STYLE = Automatic;
				INFOPLIST_FILE = LandmarksTests/Info.plist;
				LD_RUNPATH_SEARCH_PATHS = (
					"$(inherited)",
					"@executable_path/Frameworks",
					"@loader_path/Frameworks",
				);
				PRODUCT_BUNDLE_IDENTIFIER = Justin.LandmarksTests;
				PRODUCT_NAME = "$(TARGET_NAME)";
				SWIFT_VERSION = 5.0;
				TARGETED_DEVICE_FAMILY = "1,2";
				TEST_HOST = "$(BUILT_PRODUCTS_DIR)/Landmarks.app/Landmarks";
			};
			name = Release;
		};
		3A5E177322A67225009A21FF /* Debug */ = {
			isa = XCBuildConfiguration;
			buildSettings = {
				ALWAYS_EMBED_SWIFT_STANDARD_LIBRARIES = YES;
				CODE_SIGN_STYLE = Automatic;
				INFOPLIST_FILE = LandmarksUITests/Info.plist;
				LD_RUNPATH_SEARCH_PATHS = (
					"$(inherited)",
					"@executable_path/Frameworks",
					"@loader_path/Frameworks",
				);
				PRODUCT_BUNDLE_IDENTIFIER = Justin.LandmarksUITests;
				PRODUCT_NAME = "$(TARGET_NAME)";
				SWIFT_VERSION = 5.0;
				TARGETED_DEVICE_FAMILY = "1,2";
				TEST_TARGET_NAME = Landmarks;
			};
			name = Debug;
		};
		3A5E177422A67225009A21FF /* Release */ = {
			isa = XCBuildConfiguration;
			buildSettings = {
				ALWAYS_EMBED_SWIFT_STANDARD_LIBRARIES = YES;
				CODE_SIGN_STYLE = Automatic;
				INFOPLIST_FILE = LandmarksUITests/Info.plist;
				LD_RUNPATH_SEARCH_PATHS = (
					"$(inherited)",
					"@executable_path/Frameworks",
					"@loader_path/Frameworks",
				);
				PRODUCT_BUNDLE_IDENTIFIER = Justin.LandmarksUITests;
				PRODUCT_NAME = "$(TARGET_NAME)";
				SWIFT_VERSION = 5.0;
				TARGETED_DEVICE_FAMILY = "1,2";
				TEST_TARGET_NAME = Landmarks;
			};
			name = Release;
		};
/* End XCBuildConfiguration section */

/* Begin XCConfigurationList section */
		3A5E173D22A67223009A21FF /* Build configuration list for PBXProject "Landmarks" */ = {
			isa = XCConfigurationList;
			buildConfigurations = (
				3A5E176A22A67225009A21FF /* Debug */,
				3A5E176B22A67225009A21FF /* Release */,
			);
			defaultConfigurationIsVisible = 0;
			defaultConfigurationName = Release;
		};
		3A5E176C22A67225009A21FF /* Build configuration list for PBXNativeTarget "Landmarks" */ = {
			isa = XCConfigurationList;
			buildConfigurations = (
				3A5E176D22A67225009A21FF /* Debug */,
				3A5E176E22A67225009A21FF /* Release */,
			);
			defaultConfigurationIsVisible = 0;
			defaultConfigurationName = Release;
		};
		3A5E176F22A67225009A21FF /* Build configuration list for PBXNativeTarget "LandmarksTests" */ = {
			isa = XCConfigurationList;
			buildConfigurations = (
				3A5E177022A67225009A21FF /* Debug */,
				3A5E177122A67225009A21FF /* Release */,
			);
			defaultConfigurationIsVisible = 0;
			defaultConfigurationName = Release;
		};
		3A5E177222A67225009A21FF /* Build configuration list for PBXNativeTarget "LandmarksUITests" */ = {
			isa = XCConfigurationList;
			buildConfigurations = (
				3A5E177322A67225009A21FF /* Debug */,
				3A5E177422A67225009A21FF /* Release */,
			);
			defaultConfigurationIsVisible = 0;
			defaultConfigurationName = Release;
		};
/* End XCConfigurationList section */
	};
	rootObject = 3A5E173A22A67223009A21FF /* Project object */;
}
